Microsoft Visual Studio Solution File, Format Version 12.00
# Visual Studio 2012
Project("{FAE04EC0-301F-11D3-BF4B-00C04F79EFBC}") = "TestBusinessHost", "TestBusinessHost.csproj", "{4AE00B14-F144-4D70-9308-4B37D39DF111}"
EndProject
Project("{FAE04EC0-301F-11D3-BF4B-00C04F79EFBC}") = "BusinessBase", "..\..\..\Base\BusinessBase\BusinessBase.csproj", "{4561499A-CDDD-4E8A-A6BB-CBBFDFCA5CDC}"
EndProject
Project("{FAE04EC0-301F-11D3-BF4B-00C04F79EFBC}") = "ImardaCRMBusinessInterface", "..\ImardaCRMBusinessInterface\ImardaCRMBusinessInterface.csproj", "{7770A95B-D345-4892-BC40-9D7EFFC64C8A}"
EndProject
Project("{FAE04EC0-301F-11D3-BF4B-00C04F79EFBC}") = "ImardaCRMBusiness", "..\ImardaCRMBusiness\ImardaCRMBusiness.csproj", "{D2E0CE2E-890A-48D9-B797-3CB7138A8BB2}"
EndProject
Global
	GlobalSection(SolutionConfigurationPlatforms) = preSolution
		Debug|Any CPU = Debug|Any CPU
		Release|Any CPU = Release|Any CPU
	EndGlobalSection
	GlobalSection(ProjectConfigurationPlatforms) = postSolution
		{4AE00B14-F144-4D70-9308-4B37D39DF111}.Debug|Any CPU.ActiveCfg = Debug|Any CPU
		{4AE00B14-F144-4D70-9308-4B37D39DF111}.Debug|Any CPU.Build.0 = Debug|Any CPU
		{4AE00B14-F144-4D70-9308-4B37D39DF111}.Release|Any CPU.ActiveCfg = Release|Any CPU
		{4561499A-CDDD-4E8A-A6BB-CBBFDFCA5CDC}.Debug|Any CPU.ActiveCfg = Debug|Any CPU
		{4561499A-CDDD-4E8A-A6BB-CBBFDFCA5CDC}.Debug|Any CPU.Build.0 = Debug|Any CPU
		{4561499A-CDDD-4E8A-A6BB-CBBFDFCA5CDC}.Release|Any CPU.ActiveCfg = Release|Any CPU
		{7770A95B-D345-4892-BC40-9D7EFFC64C8A}.Debug|Any CPU.ActiveCfg = Debug|Any CPU
		{7770A95B-D345-4892-BC40-9D7EFFC64C8A}.Debug|Any CPU.Build.0 = Debug|Any CPU
		{7770A95B-D345-4892-BC40-9D7EFFC64C8A}.Release|Any CPU.ActiveCfg = Release|Any CPU
		{D2E0CE2E-890A-48D9-B797-3CB7138A8BB2}.Debug|Any CPU.ActiveCfg = Debug|Any CPU
		{D2E0CE2E-890A-48D9-B797-3CB7138A8BB2}.Debug|Any CPU.Build.0 = Debug|Any CPU
		{D2E0CE2E-890A-48D9-B797-3CB7138A8BB2}.Release|Any CPU.ActiveCfg = Release|Any CPU
	EndGlobalSection
	GlobalSection(SolutionProperties) = preSolution
		HideSolutionNode = FALSE
	EndGlobalSection
EndGlobal
